// !$*UTF8*$!
{
	archiveVersion = 1;
	classes = {
	};
	objectVersion = 46;
	objects = {

/* Begin PBXBuildFile section */
		80C8D5D71F6AEE0900D9F07E /* AppDelegate.swift in Sources */ = {isa = PBXBuildFile; fileRef = 80C8D5D61F6AEE0900D9F07E /* AppDelegate.swift */; };
		80C8D5DC1F6AEE0900D9F07E /* Main.storyboard in Resources */ = {isa = PBXBuildFile; fileRef = 80C8D5DA1F6AEE0900D9F07E /* Main.storyboard */; };
		80C8D5DE1F6AEE0900D9F07E /* Assets.xcassets in Resources */ = {isa = PBXBuildFile; fileRef = 80C8D5DD1F6AEE0900D9F07E /* Assets.xcassets */; };
		80C8D5E11F6AEE0900D9F07E /* LaunchScreen.storyboard in Resources */ = {isa = PBXBuildFile; fileRef = 80C8D5DF1F6AEE0900D9F07E /* LaunchScreen.storyboard */; };
		80C8D5E91F6AEE2700D9F07E /* BugView.swift in Sources */ = {isa = PBXBuildFile; fileRef = 80C8D5E81F6AEE2700D9F07E /* BugView.swift */; };
		80C8D5EB1F6AEE3C00D9F07E /* BugViewController.swift in Sources */ = {isa = PBXBuildFile; fileRef = 80C8D5EA1F6AEE3C00D9F07E /* BugViewController.swift */; };
/* End PBXBuildFile section */

/* Begin PBXFileReference section */
		80C8D5D31F6AEE0900D9F07E /* Bug.app */ = {isa = PBXFileReference; explicitFileType = wrapper.application; includeInIndex = 0; path = Bug.app; sourceTree = BUILT_PRODUCTS_DIR; };
		80C8D5D61F6AEE0900D9F07E /* AppDelegate.swift */ = {isa = PBXFileReference; lastKnownFileType = sourcecode.swift; path = AppDelegate.swift; sourceTree = "<group>"; };
		80C8D5DB1F6AEE0900D9F07E /* Base */ = {isa = PBXFileReference; lastKnownFileType = file.storyboard; name = Base; path = Base.lproj/Main.storyboard; sourceTree = "<group>"; };
		80C8D5DD1F6AEE0900D9F07E /* Assets.xcassets */ = {isa = PBXFileReference; lastKnownFileType = folder.assetcatalog; path = Assets.xcassets; sourceTree = "<group>"; };
		80C8D5E01F6AEE0900D9F07E /* Base */ = {isa = PBXFileReference; lastKnownFileType = file.storyboard; name = Base; path = Base.lproj/LaunchScreen.storyboard; sourceTree = "<group>"; };
		80C8D5E21F6AEE0900D9F07E /* Info.plist */ = {isa = PBXFileReference; lastKnownFileType = text.plist.xml; path = Info.plist; sourceTree = "<group>"; };
		80C8D5E81F6AEE2700D9F07E /* BugView.swift */ = {isa = PBXFileReference; fileEncoding = 4; lastKnownFileType = sourcecode.swift; path = BugView.swift; sourceTree = "<group>"; };
		80C8D5EA1F6AEE3C00D9F07E /* BugViewController.swift */ = {isa = PBXFileReference; fileEncoding = 4; lastKnownFileType = sourcecode.swift; path = BugViewController.swift; sourceTree = "<group>"; };
/* End PBXFileReference section */

/* Begin PBXFrameworksBuildPhase section */
		80C8D5D01F6AEE0900D9F07E /* Frameworks */ = {
			isa = PBXFrameworksBuildPhase;
			buildActionMask = 2147483647;
			files = (
			);
			runOnlyForDeploymentPostprocessing = 0;
		};
/* End PBXFrameworksBuildPhase section */

/* Begin PBXGroup section */
		80C8D5CA1F6AEE0900D9F07E = {
			isa = PBXGroup;
			children = (
				80C8D5D51F6AEE0900D9F07E /* Bug */,
				80C8D5D41F6AEE0900D9F07E /* Products */,
			);
			sourceTree = "<group>";
		};
		80C8D5D41F6AEE0900D9F07E /* Products */ = {
			isa = PBXGroup;
			children = (
				80C8D5D31F6AEE0900D9F07E /* Bug.app */,
			);
			name = Products;
			sourceTree = "<group>";
		};
		80C8D5D51F6AEE0900D9F07E /* Bug */ = {
			isa = PBXGroup;
			children = (
				80C8D5D61F6AEE0900D9F07E /* AppDelegate.swift */,
				80C8D5DA1F6AEE0900D9F07E /* Main.storyboard */,
				80C8D5DD1F6AEE0900D9F07E /* Assets.xcassets */,
				80C8D5DF1F6AEE0900D9F07E /* LaunchScreen.storyboard */,
				80C8D5E21F6AEE0900D9F07E /* Info.plist */,
				80C8D5E81F6AEE2700D9F07E /* BugView.swift */,
				80C8D5EA1F6AEE3C00D9F07E /* BugViewController.swift */,
			);
			path = Bug;
			sourceTree = "<group>";
		};
/* End PBXGroup section */

/* Begin PBXNativeTarget section */
		80C8D5D21F6AEE0900D9F07E /* Bug */ = {
			isa = PBXNativeTarget;
			buildConfigurationList = 80C8D5E51F6AEE0900D9F07E /* Build configuration list for PBXNativeTarget "Bug" */;
			buildPhases = (
				80C8D5CF1F6AEE0900D9F07E /* Sources */,
				80C8D5D01F6AEE0900D9F07E /* Frameworks */,
				80C8D5D11F6AEE0900D9F07E /* Resources */,
			);
			buildRules = (
			);
			dependencies = (
			);
			name = Bug;
			productName = Bug;
			productReference = 80C8D5D31F6AEE0900D9F07E /* Bug.app */;
			productType = "com.apple.product-type.application";
		};
/* End PBXNativeTarget section */

/* Begin PBXProject section */
		80C8D5CB1F6AEE0900D9F07E /* Project object */ = {
			isa = PBXProject;
			attributes = {
				LastSwiftUpdateCheck = 0830;
				LastUpgradeCheck = 0830;
				ORGANIZATIONNAME = "Cleofas Pereira";
				TargetAttributes = {
					80C8D5D21F6AEE0900D9F07E = {
						CreatedOnToolsVersion = 8.3.3;
						DevelopmentTeam = VL8ZVKS45P;
						ProvisioningStyle = Automatic;
					};
				};
			};
			buildConfigurationList = 80C8D5CE1F6AEE0900D9F07E /* Build configuration list for PBXProject "Bug" */;
			compatibilityVersion = "Xcode 3.2";
			developmentRegion = English;
			hasScannedForEncodings = 0;
			knownRegions = (
				en,
				Base,
			);
			mainGroup = 80C8D5CA1F6AEE0900D9F07E;
			productRefGroup = 80C8D5D41F6AEE0900D9F07E /* Products */;
			projectDirPath = "";
			projectRoot = "";
			targets = (
				80C8D5D21F6AEE0900D9F07E /* Bug */,
			);
		};
/* End PBXProject section */

/* Begin PBXResourcesBuildPhase section */
		80C8D5D11F6AEE0900D9F07E /* Resources */ = {
			isa = PBXResourcesBuildPhase;
			buildActionMask = 2147483647;
			files = (
				80C8D5E11F6AEE0900D9F07E /* LaunchScreen.storyboard in Resources */,
				80C8D5DE1F6AEE0900D9F07E /* Assets.xcassets in Resources */,
				80C8D5DC1F6AEE0900D9F07E /* Main.storyboard in Resources */,
			);
			runOnlyForDeploymentPostprocessing = 0;
		};
/* End PBXResourcesBuildPhase section */

/* Begin PBXSourcesBuildPhase section */
		80C8D5CF1F6AEE0900D9F07E /* Sources */ = {
			isa = PBXSourcesBuildPhase;
			buildActionMask = 2147483647;
			files = (
				80C8D5D71F6AEE0900D9F07E /* AppDelegate.swift in Sources */,
				80C8D5EB1F6AEE3C00D9F07E /* BugViewController.swift in Sources */,
				80C8D5E91F6AEE2700D9F07E /* BugView.swift in Sources */,
			);
			runOnlyForDeploymentPostprocessing = 0;
		};
/* End PBXSourcesBuildPhase section */

/* Begin PBXVariantGroup section */
		80C8D5DA1F6AEE0900D9F07E /* Main.storyboard */ = {
			isa = PBXVariantGroup;
			children = (
				80C8D5DB1F6AEE0900D9F07E /* Base */,
			);
			name = Main.storyboard;
			sourceTree = "<group>";
		};
		80C8D5DF1F6AEE0900D9F07E /* LaunchScreen.storyboard */ = {
			isa = PBXVariantGroup;
			children = (
				80C8D5E01F6AEE0900D9F07E /* Base */,
			);
			name = LaunchScreen.storyboard;
			sourceTree = "<group>";
		};
/* End PBXVariantGroup section */

/* Begin XCBuildConfiguration section */
		80C8D5E31F6AEE0900D9F07E /* Debug */ = {
			isa = XCBuildConfiguration;
			buildSettings = {
				ALWAYS_SEARCH_USER_PATHS = NO;
				CLANG_ANALYZER_NONNULL = YES;
				CLANG_ANALYZER_NUMBER_OBJECT_CONVERSION = YES_AGGRESSIVE;
				CLANG_CXX_LANGUAGE_STANDARD = "gnu++0x";
				CLANG_CXX_LIBRARY = "libc++";
				CLANG_ENABLE_MODULES = YES;
				CLANG_ENABLE_OBJC_ARC = YES;
				CLANG_WARN_BOOL_CONVERSION = YES;
				CLANG_WARN_CONSTANT_CONVERSION = YES;
				CLANG_WARN_DIRECT_OBJC_ISA_USAGE = YES_ERROR;
				CLANG_WARN_DOCUMENTATION_COMMENTS = YES;
				CLANG_WARN_EMPTY_BODY = YES;
				CLANG_WARN_ENUM_CONVERSION = YES;
				CLANG_WARN_INFINITE_RECURSION = YES;
				CLANG_WARN_INT_CONVERSION = YES;
				CLANG_WARN_OBJC_ROOT_CLASS = YES_ERROR;
				CLANG_WARN_SUSPICIOUS_MOVE = YES;
				CLANG_WARN_UNREACHABLE_CODE = YES;
				CLANG_WARN__DUPLICATE_METHOD_MATCH = YES;
				"CODE_SIGN_IDENTITY[sdk=iphoneos*]" = "iPhone Developer";
				COPY_PHASE_STRIP = NO;
				DEBUG_INFORMATION_FORMAT = dwarf;
				ENABLE_STRICT_OBJC_MSGSEND = YES;
				ENABLE_TESTABILITY = YES;
				GCC_C_LANGUAGE_STANDARD = gnu99;
				GCC_DYNAMIC_NO_PIC = NO;
				GCC_NO_COMMON_BLOCKS = YES;
				GCC_OPTIMIZATION_LEVEL = 0;
				GCC_PREPROCESSOR_DEFINITIONS = (
					"DEBUG=1",
					"$(inherited)",
				);
				GCC_WARN_64_TO_32_BIT_CONVERSION = YES;
				GCC_WARN_ABOUT_RETURN_TYPE = YES_ERROR;
				GCC_WARN_UNDECLARED_SELECTOR = YES;
				GCC_WARN_UNINITIALIZED_AUTOS = YES_AGGRESSIVE;
				GCC_WARN_UNUSED_FUNCTION = YES;
				GCC_WARN_UNUSED_VARIABLE = YES;
				IPHONEOS_DEPLOYMENT_TARGET = 10.3;
				MTL_ENABLE_DEBUG_INFO = YES;
				ONLY_ACTIVE_ARCH = YES;
				SDKROOT = iphoneos;
				SWIFT_ACTIVE_COMPILATION_CONDITIONS = DEBUG;
				SWIFT_OPTIMIZATION_LEVEL = "-Onone";
			};
			name = Debug;
		};
		80C8D5E41F6AEE0900D9F07E /* Release */ = {
			isa = XCBuildConfiguration;
			buildSettings = {
				ALWAYS_SEARCH_USER_PATHS = NO;
				CLANG_ANALYZER_NONNULL = YES;
				CLANG_ANALYZER_NUMBER_OBJECT_CONVERSION = YES_AGGRESSIVE;
				CLANG_CXX_LANGUAGE_STANDARD = "gnu++0x";
				CLANG_CXX_LIBRARY = "libc++";
				CLANG_ENABLE_MODULES = YES;
				CLANG_ENABLE_OBJC_ARC = YES;
				CLANG_WARN_BOOL_CONVERSION = YES;
				CLANG_WARN_CONSTANT_CONVERSION = YES;
				CLANG_WARN_DIRECT_OBJC_ISA_USAGE = YES_ERROR;
				CLANG_WARN_DOCUMENTATION_COMMENTS = YES;
				CLANG_WARN_EMPTY_BODY = YES;
				CLANG_WARN_ENUM_CONVERSION = YES;
				CLANG_WARN_INFINITE_RECURSION = YES;
				CLANG_WARN_INT_CONVERSION = YES;
				CLANG_WARN_OBJC_ROOT_CLASS = YES_ERROR;
				CLANG_WARN_SUSPICIOUS_MOVE = YES;
				CLANG_WARN_UNREACHABLE_CODE = YES;
				CLANG_WARN__DUPLICATE_METHOD_MATCH = YES;
				"CODE_SIGN_IDENTITY[sdk=iphoneos*]" = "iPhone Developer";
				COPY_PHASE_STRIP = NO;
				DEBUG_INFORMATION_FORMAT = "dwarf-with-dsym";
				ENABLE_NS_ASSERTIONS = NO;
				ENABLE_STRICT_OBJC_MSGSEND = YES;
				GCC_C_LANGUAGE_STANDARD = gnu99;
				GCC_NO_COMMON_BLOCKS = YES;
				GCC_WARN_64_TO_32_BIT_CONVERSION = YES;
				GCC_WARN_ABOUT_RETURN_TYPE = YES_ERROR;
				GCC_WARN_UNDECLARED_SELECTOR = YES;
				GCC_WARN_UNINITIALIZED_AUTOS = YES_AGGRESSIVE;
				GCC_WARN_UNUSED_FUNCTION = YES;
				GCC_WARN_UNUSED_VARIABLE = YES;
				IPHONEOS_DEPLOYMENT_TARGET = 10.3;
				MTL_ENABLE_DEBUG_INFO = NO;
				SDKROOT = iphoneos;
				SWIFT_OPTIMIZATION_LEVEL = "-Owholemodule";
				VALIDATE_PRODUCT = YES;
			};
			name = Release;
		};
		80C8D5E61F6AEE0900D9F07E /* Debug */ = {
			isa = XCBuildConfiguration;
			buildSettings = {
				ASSETCATALOG_COMPILER_APPICON_NAME = AppIcon;
				DEVELOPMENT_TEAM = VL8ZVKS45P;
				INFOPLIST_FILE = Bug/Info.plist;
				LD_RUNPATH_SEARCH_PATHS = "$(inherited) @executable_path/Frameworks";
				PRODUCT_BUNDLE_IDENTIFIER = br.com.cleofase.Bug;
				PRODUCT_NAME = "$(TARGET_NAME)";
				SWIFT_VERSION = 3.0;
			};
			name = Debug;
		};
		80C8D5E71F6AEE0900D9F07E /* Release */ = {
			isa = XCBuildConfiguration;
			buildSettings = {
				ASSETCATALOG_COMPILER_APPICON_NAME = AppIcon;
				DEVELOPMENT_TEAM = VL8ZVKS45P;
				INFOPLIST_FILE = Bug/Info.plist;
				LD_RUNPATH_SEARCH_PATHS = "$(inherited) @executable_path/Frameworks";
				PRODUCT_BUNDLE_IDENTIFIER = br.com.cleofase.Bug;
				PRODUCT_NAME = "$(TARGET_NAME)";
				SWIFT_VERSION = 3.0;
			};
			name = Release;
		};
/* End XCBuildConfiguration section */

/* Begin XCConfigurationList section */
		80C8D5CE1F6AEE0900D9F07E /* Build configuration list for PBXProject "Bug" */ = {
			isa = XCConfigurationList;
			buildConfigurations = (
				80C8D5E31F6AEE0900D9F07E /* Debug */,
				80C8D5E41F6AEE0900D9F07E /* Release */,
			);
			defaultConfigurationIsVisible = 0;
			defaultConfigurationName = Release;
		};
		80C8D5E51F6AEE0900D9F07E /* Build configuration list for PBXNativeTarget "Bug" */ = {
			isa = XCConfigurationList;
			buildConfigurations = (
				80C8D5E61F6AEE0900D9F07E /* Debug */,
				80C8D5E71F6AEE0900D9F07E /* Release */,
			);
			defaultConfigurationIsVisible = 0;
		};
/* End XCConfigurationList section */
	};
	rootObject = 80C8D5CB1F6AEE0900D9F07E /* Project object */;
}
